// !$*UTF8*$!
{
	archiveVersion = 1;
	classes = {
	};
	objectVersion = 46;
	objects = {

/* Begin PBXBuildFile section */
		14837C35198A0C0E00317E8F /* Foundation.framework in Frameworks */ = {isa = PBXBuildFile; fileRef = 14837C34198A0C0E00317E8F /* Foundation.framework */; };
		14837C37198A0C0E00317E8F /* CoreGraphics.framework in Frameworks */ = {isa = PBXBuildFile; fileRef = 14837C36198A0C0E00317E8F /* CoreGraphics.framework */; };
		14837C39198A0C0E00317E8F /* UIKit.framework in Frameworks */ = {isa = PBXBuildFile; fileRef = 14837C38198A0C0E00317E8F /* UIKit.framework */; };
		14837C3F198A0C0E00317E8F /* InfoPlist.strings in Resources */ = {isa = PBXBuildFile; fileRef = 14837C3D198A0C0E00317E8F /* InfoPlist.strings */; };
		14837C41198A0C0E00317E8F /* main.m in Sources */ = {isa = PBXBuildFile; fileRef = 14837C40198A0C0E00317E8F /* main.m */; };
		14837C45198A0C0E00317E8F /* AppDelegate.m in Sources */ = {isa = PBXBuildFile; fileRef = 14837C44198A0C0E00317E8F /* AppDelegate.m */; };
		14837C48198A0C0E00317E8F /* Main.storyboard in Resources */ = {isa = PBXBuildFile; fileRef = 14837C46198A0C0E00317E8F /* Main.storyboard */; };
		14837C4B198A0C0E00317E8F /* ViewController.m in Sources */ = {isa = PBXBuildFile; fileRef = 14837C4A198A0C0E00317E8F /* ViewController.m */; };
		14837C4D198A0C0E00317E8F /* Images.xcassets in Resources */ = {isa = PBXBuildFile; fileRef = 14837C4C198A0C0E00317E8F /* Images.xcassets */; };
		14837C54198A0C0E00317E8F /* XCTest.framework in Frameworks */ = {isa = PBXBuildFile; fileRef = 14837C53198A0C0E00317E8F /* XCTest.framework */; };
		14837C55198A0C0E00317E8F /* Foundation.framework in Frameworks */ = {isa = PBXBuildFile; fileRef = 14837C34198A0C0E00317E8F /* Foundation.framework */; };
		14837C56198A0C0E00317E8F /* UIKit.framework in Frameworks */ = {isa = PBXBuildFile; fileRef = 14837C38198A0C0E00317E8F /* UIKit.framework */; };
		14837C5E198A0C0E00317E8F /* InfoPlist.strings in Resources */ = {isa = PBXBuildFile; fileRef = 14837C5C198A0C0E00317E8F /* InfoPlist.strings */; };
		14837C60198A0C0F00317E8F /* QiaoNaoForIOSTestTests.m in Sources */ = {isa = PBXBuildFile; fileRef = 14837C5F198A0C0F00317E8F /* QiaoNaoForIOSTestTests.m */; };
		14837CAC198A13C100317E8F /* libQiaoNaoForIOS.a in Frameworks */ = {isa = PBXBuildFile; fileRef = 14837CAB198A13C100317E8F /* libQiaoNaoForIOS.a */; };
		14837CAF198A14E100317E8F /* mx.jpg in Resources */ = {isa = PBXBuildFile; fileRef = 14837CAE198A14E100317E8F /* mx.jpg */; };
		14837CB9198A32E100317E8F /* libQiaoNaoForIOS.a in Frameworks */ = {isa = PBXBuildFile; fileRef = 14837CB7198A32E100317E8F /* libQiaoNaoForIOS.a */; };
/* End PBXBuildFile section */

/* Begin PBXContainerItemProxy section */
		14837C57198A0C0E00317E8F /* PBXContainerItemProxy */ = {
			isa = PBXContainerItemProxy;
			containerPortal = 14837C29198A0C0E00317E8F /* Project object */;
			proxyType = 1;
			remoteGlobalIDString = 14837C30198A0C0E00317E8F;
			remoteInfo = QiaoNaoForIOSTest;
		};
/* End PBXContainerItemProxy section */

/* Begin PBXFileReference section */
		14837C31198A0C0E00317E8F /* QiaoNaoForIOSTest.app */ = {isa = PBXFileReference; explicitFileType = wrapper.application; includeInIndex = 0; path = QiaoNaoForIOSTest.app; sourceTree = BUILT_PRODUCTS_DIR; };
		14837C34198A0C0E00317E8F /* Foundation.framework */ = {isa = PBXFileReference; lastKnownFileType = wrapper.framework; name = Foundation.framework; path = System/Library/Frameworks/Foundation.framework; sourceTree = SDKROOT; };
		14837C36198A0C0E00317E8F /* CoreGraphics.framework */ = {isa = PBXFileReference; lastKnownFileType = wrapper.framework; name = CoreGraphics.framework; path = System/Library/Frameworks/CoreGraphics.framework; sourceTree = SDKROOT; };
		14837C38198A0C0E00317E8F /* UIKit.framework */ = {isa = PBXFileReference; lastKnownFileType = wrapper.framework; name = UIKit.framework; path = System/Library/Frameworks/UIKit.framework; sourceTree = SDKROOT; };
		14837C3C198A0C0E00317E8F /* QiaoNaoForIOSTest-Info.plist */ = {isa = PBXFileReference; lastKnownFileType = text.plist.xml; path = "QiaoNaoForIOSTest-Info.plist"; sourceTree = "<group>"; };
		14837C3E198A0C0E00317E8F /* en */ = {isa = PBXFileReference; lastKnownFileType = text.plist.strings; name = en; path = en.lproj/InfoPlist.strings; sourceTree = "<group>"; };
		14837C40198A0C0E00317E8F /* main.m */ = {isa = PBXFileReference; lastKnownFileType = sourcecode.c.objc; path = main.m; sourceTree = "<group>"; };
		14837C42198A0C0E00317E8F /* QiaoNaoForIOSTest-Prefix.pch */ = {isa = PBXFileReference; lastKnownFileType = sourcecode.c.h; path = "QiaoNaoForIOSTest-Prefix.pch"; sourceTree = "<group>"; };
		14837C43198A0C0E00317E8F /* AppDelegate.h */ = {isa = PBXFileReference; lastKnownFileType = sourcecode.c.h; path = AppDelegate.h; sourceTree = "<group>"; };
		14837C44198A0C0E00317E8F /* AppDelegate.m */ = {isa = PBXFileReference; lastKnownFileType = sourcecode.c.objc; path = AppDelegate.m; sourceTree = "<group>"; };
		14837C47198A0C0E00317E8F /* Base */ = {isa = PBXFileReference; lastKnownFileType = file.storyboard; name = Base; path = Base.lproj/Main.storyboard; sourceTree = "<group>"; };
		14837C49198A0C0E00317E8F /* ViewController.h */ = {isa = PBXFileReference; lastKnownFileType = sourcecode.c.h; path = ViewController.h; sourceTree = "<group>"; };
		14837C4A198A0C0E00317E8F /* ViewController.m */ = {isa = PBXFileReference; lastKnownFileType = sourcecode.c.objc; path = ViewController.m; sourceTree = "<group>"; };
		14837C4C198A0C0E00317E8F /* Images.xcassets */ = {isa = PBXFileReference; lastKnownFileType = folder.assetcatalog; path = Images.xcassets; sourceTree = "<group>"; };
		14837C52198A0C0E00317E8F /* QiaoNaoForIOSTestTests.xctest */ = {isa = PBXFileReference; explicitFileType = wrapper.cfbundle; includeInIndex = 0; path = QiaoNaoForIOSTestTests.xctest; sourceTree = BUILT_PRODUCTS_DIR; };
		14837C53198A0C0E00317E8F /* XCTest.framework */ = {isa = PBXFileReference; lastKnownFileType = wrapper.framework; name = XCTest.framework; path = Library/Frameworks/XCTest.framework; sourceTree = DEVELOPER_DIR; };
		14837C5B198A0C0E00317E8F /* QiaoNaoForIOSTestTests-Info.plist */ = {isa = PBXFileReference; lastKnownFileType = text.plist.xml; path = "QiaoNaoForIOSTestTests-Info.plist"; sourceTree = "<group>"; };
		14837C5D198A0C0E00317E8F /* en */ = {isa = PBXFileReference; lastKnownFileType = text.plist.strings; name = en; path = en.lproj/InfoPlist.strings; sourceTree = "<group>"; };
		14837C5F198A0C0F00317E8F /* QiaoNaoForIOSTestTests.m */ = {isa = PBXFileReference; lastKnownFileType = sourcecode.c.objc; path = QiaoNaoForIOSTestTests.m; sourceTree = "<group>"; };
		14837CAB198A13C100317E8F /* libQiaoNaoForIOS.a */ = {isa = PBXFileReference; lastKnownFileType = archive.ar; name = libQiaoNaoForIOS.a; path = "../../../Library/Developer/Xcode/DerivedData/QiaoNaoForIOS-fcgnbganshrqhmerybqwzcxmdinr/Build/Products/Debug-iphoneos/libQiaoNaoForIOS.a"; sourceTree = "<group>"; };
		14837CAE198A14E100317E8F /* mx.jpg */ = {isa = PBXFileReference; lastKnownFileType = image.jpeg; path = mx.jpg; sourceTree = "<group>"; };
		14837CB7198A32E100317E8F /* libQiaoNaoForIOS.a */ = {isa = PBXFileReference; lastKnownFileType = archive.ar; path = libQiaoNaoForIOS.a; sourceTree = "<group>"; };
		14837CB8198A32E100317E8F /* QiaoNaoForIOS.h */ = {isa = PBXFileReference; fileEncoding = 4; lastKnownFileType = sourcecode.c.h; path = QiaoNaoForIOS.h; sourceTree = "<group>"; };
/* End PBXFileReference section */

/* Begin PBXFrameworksBuildPhase section */
		14837C2E198A0C0E00317E8F /* Frameworks */ = {
			isa = PBXFrameworksBuildPhase;
			buildActionMask = 2147483647;
			files = (
				14837CAC198A13C100317E8F /* libQiaoNaoForIOS.a in Frameworks */,
				14837CB9198A32E100317E8F /* libQiaoNaoForIOS.a in Frameworks */,
				14837C37198A0C0E00317E8F /* CoreGraphics.framework in Frameworks */,
				14837C39198A0C0E00317E8F /* UIKit.framework in Frameworks */,
				14837C35198A0C0E00317E8F /* Foundation.framework in Frameworks */,
			);
			runOnlyForDeploymentPostprocessing = 0;
		};
		14837C4F198A0C0E00317E8F /* Frameworks */ = {
			isa = PBXFrameworksBuildPhase;
			buildActionMask = 2147483647;
			files = (
				14837C54198A0C0E00317E8F /* XCTest.framework in Frameworks */,
				14837C56198A0C0E00317E8F /* UIKit.framework in Frameworks */,
				14837C55198A0C0E00317E8F /* Foundation.framework in Frameworks */,
			);
			runOnlyForDeploymentPostprocessing = 0;
		};
/* End PBXFrameworksBuildPhase section */

/* Begin PBXGroup section */
		14837C28198A0C0E00317E8F = {
			isa = PBXGroup;
			children = (
				14837CB6198A32E100317E8F /* libQiaoNaoForIOS */,
				14837C3A198A0C0E00317E8F /* QiaoNaoForIOSTest */,
				14837C59198A0C0E00317E8F /* QiaoNaoForIOSTestTests */,
				14837C33198A0C0E00317E8F /* Frameworks */,
				14837C32198A0C0E00317E8F /* Products */,
			);
			sourceTree = "<group>";
		};
		14837C32198A0C0E00317E8F /* Products */ = {
			isa = PBXGroup;
			children = (
				14837C31198A0C0E00317E8F /* QiaoNaoForIOSTest.app */,
				14837C52198A0C0E00317E8F /* QiaoNaoForIOSTestTests.xctest */,
			);
			name = Products;
			sourceTree = "<group>";
		};
		14837C33198A0C0E00317E8F /* Frameworks */ = {
			isa = PBXGroup;
			children = (
				14837CAB198A13C100317E8F /* libQiaoNaoForIOS.a */,
				14837C34198A0C0E00317E8F /* Foundation.framework */,
				14837C36198A0C0E00317E8F /* CoreGraphics.framework */,
				14837C38198A0C0E00317E8F /* UIKit.framework */,
				14837C53198A0C0E00317E8F /* XCTest.framework */,
			);
			name = Frameworks;
			sourceTree = "<group>";
		};
		14837C3A198A0C0E00317E8F /* QiaoNaoForIOSTest */ = {
			isa = PBXGroup;
			children = (
				14837CAE198A14E100317E8F /* mx.jpg */,
				14837C43198A0C0E00317E8F /* AppDelegate.h */,
				14837C44198A0C0E00317E8F /* AppDelegate.m */,
				14837C46198A0C0E00317E8F /* Main.storyboard */,
				14837C49198A0C0E00317E8F /* ViewController.h */,
				14837C4A198A0C0E00317E8F /* ViewController.m */,
				14837C4C198A0C0E00317E8F /* Images.xcassets */,
				14837C3B198A0C0E00317E8F /* Supporting Files */,
			);
			path = QiaoNaoForIOSTest;
			sourceTree = "<group>";
		};
		14837C3B198A0C0E00317E8F /* Supporting Files */ = {
			isa = PBXGroup;
			children = (
				14837C3C198A0C0E00317E8F /* QiaoNaoForIOSTest-Info.plist */,
				14837C3D198A0C0E00317E8F /* InfoPlist.strings */,
				14837C40198A0C0E00317E8F /* main.m */,
				14837C42198A0C0E00317E8F /* QiaoNaoForIOSTest-Prefix.pch */,
			);
			name = "Supporting Files";
			sourceTree = "<group>";
		};
		14837C59198A0C0E00317E8F /* QiaoNaoForIOSTestTests */ = {
			isa = PBXGroup;
			children = (
				14837C5F198A0C0F00317E8F /* QiaoNaoForIOSTestTests.m */,
				14837C5A198A0C0E00317E8F /* Supporting Files */,
			);
			path = QiaoNaoForIOSTestTests;
			sourceTree = "<group>";
		};
		14837C5A198A0C0E00317E8F /* Supporting Files */ = {
			isa = PBXGroup;
			children = (
				14837C5B198A0C0E00317E8F /* QiaoNaoForIOSTestTests-Info.plist */,
				14837C5C198A0C0E00317E8F /* InfoPlist.strings */,
			);
			name = "Supporting Files";
			sourceTree = "<group>";
		};
		14837CB6198A32E100317E8F /* libQiaoNaoForIOS */ = {
			isa = PBXGroup;
			children = (
				14837CB7198A32E100317E8F /* libQiaoNaoForIOS.a */,
				14837CB8198A32E100317E8F /* QiaoNaoForIOS.h */,
			);
			name = libQiaoNaoForIOS;
			path = ../libQiaoNaoForIOS;
			sourceTree = "<group>";
		};
/* End PBXGroup section */

/* Begin PBXNativeTarget section */
		14837C30198A0C0E00317E8F /* QiaoNaoForIOSTest */ = {
			isa = PBXNativeTarget;
			buildConfigurationList = 14837C63198A0C0F00317E8F /* Build configuration list for PBXNativeTarget "QiaoNaoForIOSTest" */;
			buildPhases = (
				14837C2D198A0C0E00317E8F /* Sources */,
				14837C2E198A0C0E00317E8F /* Frameworks */,
				14837C2F198A0C0E00317E8F /* Resources */,
			);
			buildRules = (
			);
			dependencies = (
			);
			name = QiaoNaoForIOSTest;
			productName = QiaoNaoForIOSTest;
			productReference = 14837C31198A0C0E00317E8F /* QiaoNaoForIOSTest.app */;
			productType = "com.apple.product-type.application";
		};
		14837C51198A0C0E00317E8F /* QiaoNaoForIOSTestTests */ = {
			isa = PBXNativeTarget;
			buildConfigurationList = 14837C66198A0C0F00317E8F /* Build configuration list for PBXNativeTarget "QiaoNaoForIOSTestTests" */;
			buildPhases = (
				14837C4E198A0C0E00317E8F /* Sources */,
				14837C4F198A0C0E00317E8F /* Frameworks */,
				14837C50198A0C0E00317E8F /* Resources */,
			);
			buildRules = (
			);
			dependencies = (
				14837C58198A0C0E00317E8F /* PBXTargetDependency */,
			);
			name = QiaoNaoForIOSTestTests;
			productName = QiaoNaoForIOSTestTests;
			productReference = 14837C52198A0C0E00317E8F /* QiaoNaoForIOSTestTests.xctest */;
			productType = "com.apple.product-type.bundle.unit-test";
		};
/* End PBXNativeTarget section */

/* Begin PBXProject section */
		14837C29198A0C0E00317E8F /* Project object */ = {
			isa = PBXProject;
			attributes = {
				LastUpgradeCheck = 0510;
				ORGANIZATIONNAME = ManGang;
				TargetAttributes = {
					14837C51198A0C0E00317E8F = {
						TestTargetID = 14837C30198A0C0E00317E8F;
					};
				};
			};
			buildConfigurationList = 14837C2C198A0C0E00317E8F /* Build configuration list for PBXProject "QiaoNaoForIOSTest" */;
			compatibilityVersion = "Xcode 3.2";
			developmentRegion = English;
			hasScannedForEncodings = 0;
			knownRegions = (
				en,
				Base,
			);
			mainGroup = 14837C28198A0C0E00317E8F;
			productRefGroup = 14837C32198A0C0E00317E8F /* Products */;
			projectDirPath = "";
			projectRoot = "";
			targets = (
				14837C30198A0C0E00317E8F /* QiaoNaoForIOSTest */,
				14837C51198A0C0E00317E8F /* QiaoNaoForIOSTestTests */,
			);
		};
/* End PBXProject section */

/* Begin PBXResourcesBuildPhase section */
		14837C2F198A0C0E00317E8F /* Resources */ = {
			isa = PBXResourcesBuildPhase;
			buildActionMask = 2147483647;
			files = (
				14837C4D198A0C0E00317E8F /* Images.xcassets in Resources */,
				14837C3F198A0C0E00317E8F /* InfoPlist.strings in Resources */,
				14837CAF198A14E100317E8F /* mx.jpg in Resources */,
				14837C48198A0C0E00317E8F /* Main.storyboard in Resources */,
			);
			runOnlyForDeploymentPostprocessing = 0;
		};
		14837C50198A0C0E00317E8F /* Resources */ = {
			isa = PBXResourcesBuildPhase;
			buildActionMask = 2147483647;
			files = (
				14837C5E198A0C0E00317E8F /* InfoPlist.strings in Resources */,
			);
			runOnlyForDeploymentPostprocessing = 0;
		};
/* End PBXResourcesBuildPhase section */

/* Begin PBXSourcesBuildPhase section */
		14837C2D198A0C0E00317E8F /* Sources */ = {
			isa = PBXSourcesBuildPhase;
			buildActionMask = 2147483647;
			files = (
				14837C4B198A0C0E00317E8F /* ViewController.m in Sources */,
				14837C45198A0C0E00317E8F /* AppDelegate.m in Sources */,
				14837C41198A0C0E00317E8F /* main.m in Sources */,
			);
			runOnlyForDeploymentPostprocessing = 0;
		};
		14837C4E198A0C0E00317E8F /* Sources */ = {
			isa = PBXSourcesBuildPhase;
			buildActionMask = 2147483647;
			files = (
				14837C60198A0C0F00317E8F /* QiaoNaoForIOSTestTests.m in Sources */,
			);
			runOnlyForDeploymentPostprocessing = 0;
		};
/* End PBXSourcesBuildPhase section */

/* Begin PBXTargetDependency section */
		14837C58198A0C0E00317E8F /* PBXTargetDependency */ = {
			isa = PBXTargetDependency;
			target = 14837C30198A0C0E00317E8F /* QiaoNaoForIOSTest */;
			targetProxy = 14837C57198A0C0E00317E8F /* PBXContainerItemProxy */;
		};
/* End PBXTargetDependency section */

/* Begin PBXVariantGroup section */
		14837C3D198A0C0E00317E8F /* InfoPlist.strings */ = {
			isa = PBXVariantGroup;
			children = (
				14837C3E198A0C0E00317E8F /* en */,
			);
			name = InfoPlist.strings;
			sourceTree = "<group>";
		};
		14837C46198A0C0E00317E8F /* Main.storyboard */ = {
			isa = PBXVariantGroup;
			children = (
				14837C47198A0C0E00317E8F /* Base */,
			);
			name = Main.storyboard;
			sourceTree = "<group>";
		};
		14837C5C198A0C0E00317E8F /* InfoPlist.strings */ = {
			isa = PBXVariantGroup;
			children = (
				14837C5D198A0C0E00317E8F /* en */,
			);
			name = InfoPlist.strings;
			sourceTree = "<group>";
		};
/* End PBXVariantGroup section */

/* Begin XCBuildConfiguration section */
		14837C61198A0C0F00317E8F /* Debug */ = {
			isa = XCBuildConfiguration;
			buildSettings = {
				ALWAYS_SEARCH_USER_PATHS = NO;
				CLANG_CXX_LANGUAGE_STANDARD = "gnu++0x";
				CLANG_CXX_LIBRARY = "libc++";
				CLANG_ENABLE_MODULES = YES;
				CLANG_ENABLE_OBJC_ARC = YES;
				CLANG_WARN_BOOL_CONVERSION = YES;
				CLANG_WARN_CONSTANT_CONVERSION = YES;
				CLANG_WARN_DIRECT_OBJC_ISA_USAGE = YES_ERROR;
				CLANG_WARN_EMPTY_BODY = YES;
				CLANG_WARN_ENUM_CONVERSION = YES;
				CLANG_WARN_INT_CONVERSION = YES;
				CLANG_WARN_OBJC_ROOT_CLASS = YES_ERROR;
				CLANG_WARN__DUPLICATE_METHOD_MATCH = YES;
				"CODE_SIGN_IDENTITY[sdk=iphoneos*]" = "iPhone Developer";
				COPY_PHASE_STRIP = NO;
				GCC_C_LANGUAGE_STANDARD = gnu99;
				GCC_DYNAMIC_NO_PIC = NO;
				GCC_OPTIMIZATION_LEVEL = 0;
				GCC_PREPROCESSOR_DEFINITIONS = (
					"DEBUG=1",
					"$(inherited)",
				);
				GCC_SYMBOLS_PRIVATE_EXTERN = NO;
				GCC_WARN_64_TO_32_BIT_CONVERSION = YES;
				GCC_WARN_ABOUT_RETURN_TYPE = YES_ERROR;
				GCC_WARN_UNDECLARED_SELECTOR = YES;
				GCC_WARN_UNINITIALIZED_AUTOS = YES_AGGRESSIVE;
				GCC_WARN_UNUSED_FUNCTION = YES;
				GCC_WARN_UNUSED_VARIABLE = YES;
				IPHONEOS_DEPLOYMENT_TARGET = 6.0;
				ONLY_ACTIVE_ARCH = YES;
				SDKROOT = iphoneos;
			};
			name = Debug;
		};
		14837C62198A0C0F00317E8F /* Release */ = {
			isa = XCBuildConfiguration;
			buildSettings = {
				ALWAYS_SEARCH_USER_PATHS = NO;
				CLANG_CXX_LANGUAGE_STANDARD = "gnu++0x";
				CLANG_CXX_LIBRARY = "libc++";
				CLANG_ENABLE_MODULES = YES;
				CLANG_ENABLE_OBJC_ARC = YES;
				CLANG_WARN_BOOL_CONVERSION = YES;
				CLANG_WARN_CONSTANT_CONVERSION = YES;
				CLANG_WARN_DIRECT_OBJC_ISA_USAGE = YES_ERROR;
				CLANG_WARN_EMPTY_BODY = YES;
				CLANG_WARN_ENUM_CONVERSION = YES;
				CLANG_WARN_INT_CONVERSION = YES;
				CLANG_WARN_OBJC_ROOT_CLASS = YES_ERROR;
				CLANG_WARN__DUPLICATE_METHOD_MATCH = YES;
				"CODE_SIGN_IDENTITY[sdk=iphoneos*]" = "iPhone Developer";
				COPY_PHASE_STRIP = YES;
				ENABLE_NS_ASSERTIONS = NO;
				GCC_C_LANGUAGE_STANDARD = gnu99;
				GCC_WARN_64_TO_32_BIT_CONVERSION = YES;
				GCC_WARN_ABOUT_RETURN_TYPE = YES_ERROR;
				GCC_WARN_UNDECLARED_SELECTOR = YES;
				GCC_WARN_UNINITIALIZED_AUTOS = YES_AGGRESSIVE;
				GCC_WARN_UNUSED_FUNCTION = YES;
				GCC_WARN_UNUSED_VARIABLE = YES;
				IPHONEOS_DEPLOYMENT_TARGET = 6.0;
				SDKROOT = iphoneos;
				VALIDATE_PRODUCT = YES;
			};
			name = Release;
		};
		14837C64198A0C0F00317E8F /* Debug */ = {
			isa = XCBuildConfiguration;
			buildSettings = {
				ASSETCATALOG_COMPILER_APPICON_NAME = AppIcon;
				ASSETCATALOG_COMPILER_LAUNCHIMAGE_NAME = LaunchImage;
				GCC_PRECOMPILE_PREFIX_HEADER = YES;
				GCC_PREFIX_HEADER = "QiaoNaoForIOSTest/QiaoNaoForIOSTest-Prefix.pch";
				INFOPLIST_FILE = "QiaoNaoForIOSTest/QiaoNaoForIOSTest-Info.plist";
				IPHONEOS_DEPLOYMENT_TARGET = 6.0;
				LIBRARY_SEARCH_PATHS = (
					"$(inherited)",
					"$(USER_LIBRARY_DIR)/Developer/Xcode/DerivedData/QiaoNaoForIOS-fcgnbganshrqhmerybqwzcxmdinr/Build/Products/Debug-iphoneos/**",
					/Users/afantree/Desktop/QiaoNaoForIOS/libQiaoNaoForIOS,
				);
				PRODUCT_NAME = "$(TARGET_NAME)";
				WRAPPER_EXTENSION = app;
			};
			name = Debug;
		};
		14837C65198A0C0F00317E8F /* Release */ = {
			isa = XCBuildConfiguration;
			buildSettings = {
				ASSETCATALOG_COMPILER_APPICON_NAME = AppIcon;
				ASSETCATALOG_COMPILER_LAUNCHIMAGE_NAME = LaunchImage;
				GCC_PRECOMPILE_PREFIX_HEADER = YES;
				GCC_PREFIX_HEADER = "QiaoNaoForIOSTest/QiaoNaoForIOSTest-Prefix.pch";
				INFOPLIST_FILE = "QiaoNaoForIOSTest/QiaoNaoForIOSTest-Info.plist";
				IPHONEOS_DEPLOYMENT_TARGET = 6.0;
				LIBRARY_SEARCH_PATHS = (
					"$(inherited)",
					"$(USER_LIBRARY_DIR)/Developer/Xcode/DerivedData/QiaoNaoForIOS-fcgnbganshrqhmerybqwzcxmdinr/Build/Products/Debug-iphoneos/**",
					/Users/afantree/Desktop/QiaoNaoForIOS/libQiaoNaoForIOS,
				);
				PRODUCT_NAME = "$(TARGET_NAME)";
				WRAPPER_EXTENSION = app;
			};
			name = Release;
		};
		14837C67198A0C0F00317E8F /* Debug */ = {
			isa = XCBuildConfiguration;
			buildSettings = {
				BUNDLE_LOADER = "$(BUILT_PRODUCTS_DIR)/QiaoNaoForIOSTest.app/QiaoNaoForIOSTest";
				FRAMEWORK_SEARCH_PATHS = (
					"$(SDKROOT)/Developer/Library/Frameworks",
					"$(inherited)",
					"$(DEVELOPER_FRAMEWORKS_DIR)",
				);
				GCC_PRECOMPILE_PREFIX_HEADER = YES;
				GCC_PREFIX_HEADER = "QiaoNaoForIOSTest/QiaoNaoForIOSTest-Prefix.pch";
				GCC_PREPROCESSOR_DEFINITIONS = (
					"DEBUG=1",
					"$(inherited)",
				);
				INFOPLIST_FILE = "QiaoNaoForIOSTestTests/QiaoNaoForIOSTestTests-Info.plist";
				PRODUCT_NAME = "$(TARGET_NAME)";
				TEST_HOST = "$(BUNDLE_LOADER)";
				WRAPPER_EXTENSION = xctest;
			};
			name = Debug;
		};
		14837C68198A0C0F00317E8F /* Release */ = {
			isa = XCBuildConfiguration;
			buildSettings = {
				BUNDLE_LOADER = "$(BUILT_PRODUCTS_DIR)/QiaoNaoForIOSTest.app/QiaoNaoForIOSTest";
				FRAMEWORK_SEARCH_PATHS = (
					"$(SDKROOT)/Developer/Library/Frameworks",
					"$(inherited)",
					"$(DEVELOPER_FRAMEWORKS_DIR)",
				);
				GCC_PRECOMPILE_PREFIX_HEADER = YES;
				GCC_PREFIX_HEADER = "QiaoNaoForIOSTest/QiaoNaoForIOSTest-Prefix.pch";
				INFOPLIST_FILE = "QiaoNaoForIOSTestTests/QiaoNaoForIOSTestTests-Info.plist";
				PRODUCT_NAME = "$(TARGET_NAME)";
				TEST_HOST = "$(BUNDLE_LOADER)";
				WRAPPER_EXTENSION = xctest;
			};
			name = Release;
		};
/* End XCBuildConfiguration section */

/* Begin XCConfigurationList section */
		14837C2C198A0C0E00317E8F /* Build configuration list for PBXProject "QiaoNaoForIOSTest" */ = {
			isa = XCConfigurationList;
			buildConfigurations = (
				14837C61198A0C0F00317E8F /* Debug */,
				14837C62198A0C0F00317E8F /* Release */,
			);
			defaultConfigurationIsVisible = 0;
			defaultConfigurationName = Release;
		};
		14837C63198A0C0F00317E8F /* Build configuration list for PBXNativeTarget "QiaoNaoForIOSTest" */ = {
			isa = XCConfigurationList;
			buildConfigurations = (
				14837C64198A0C0F00317E8F /* Debug */,
				14837C65198A0C0F00317E8F /* Release */,
			);
			defaultConfigurationIsVisible = 0;
		};
		14837C66198A0C0F00317E8F /* Build configuration list for PBXNativeTarget "QiaoNaoForIOSTestTests" */ = {
			isa = XCConfigurationList;
			buildConfigurations = (
				14837C67198A0C0F00317E8F /* Debug */,
				14837C68198A0C0F00317E8F /* Release */,
			);
			defaultConfigurationIsVisible = 0;
		};
/* End XCConfigurationList section */
	};
	rootObject = 14837C29198A0C0E00317E8F /* Project object */;
}
